
Microsoft Visual Studio Solution File, Format Version 12.00
# Visual Studio Version 17
VisualStudioVersion = 17.9.34701.34
MinimumVisualStudioVersion = 10.0.40219.1
Project("{FAE04EC0-301F-11D3-BF4B-00C04F79EFBC}") = "Hostit", "Hostit\Hostit.csproj", "{78D10C58-D369-4C9E-9F4E-4A6ACA498517}"
EndProject
Global
	GlobalSection(SolutionConfigurationPlatforms) = preSolution
		Debug|Any CPU = Debug|Any CPU
		Release|Any CPU = Release|Any CPU
	EndGlobalSection
	GlobalSection(ProjectConfigurationPlatforms) = postSolution
		{78D10C58-D369-4C9E-9F4E-4A6ACA498517}.Debug|Any CPU.ActiveCfg = Debug|Any CPU
		{78D10C58-D369-4C9E-9F4E-4A6ACA498517}.Debug|Any CPU.Build.0 = Debug|Any CPU
		{78D10C58-D369-4C9E-9F4E-4A6ACA498517}.Release|Any CPU.ActiveCfg = Release|Any CPU
		{78D10C58-D369-4C9E-9F4E-4A6ACA498517}.Release|Any CPU.Build.0 = Release|Any CPU
	EndGlobalSection
	GlobalSection(SolutionProperties) = preSolution
		HideSolutionNode = FALSE
	EndGlobalSection
	GlobalSection(ExtensibilityGlobals) = postSolution
		SolutionGuid = {344C20C1-4CD5-45D5-9E68-926F0E0D9CC5}
	EndGlobalSection
EndGlobal
